PODS:
  - Flutter (1.0.0)
  - tencent_ad (0.0.1):
    - Flutter

DEPENDENCIES:
  - Flutter (from `Flutter`)
  - tencent_ad (from `.symlinks/plugins/tencent_ad/ios`)

EXTERNAL SOURCES:
  Flutter:
    :path: Flutter
  tencent_ad:
    :path: ".symlinks/plugins/tencent_ad/ios"

SPEC CHECKSUMS:
  Flutter: 0e3d915762c693b495b44d77113d4970485de6ec
  tencent_ad: e90308d6cfa566d51f7e2b93c8031ce5795b5cdb

PODFILE CHECKSUM: 1b66dae606f75376c5f2135a8290850eeb09ae83

COCOAPODS: 1.8.4
